# This file was autogenerated by uv via the following command:
#    uv pip compile pyproject.toml -o uv.lock
asgiref==3.9.1
    # via django
cfgv==3.4.0
    # via pre-commit
distlib==0.4.0
    # via virtualenv
dj-database-url==3.0.1
    # via viral-marketing (pyproject.toml)
django==5.2.5
    # via
    #   viral-marketing (pyproject.toml)
    #   dj-database-url
    #   djangorestframework
djangorestframework==3.16.1
    # via viral-marketing (pyproject.toml)
filelock==3.19.1
    # via virtualenv
gunicorn==23.0.0
    # via viral-marketing (pyproject.toml)
identify==2.6.13
    # via pre-commit
nodeenv==1.9.1
    # via pre-commit
packaging==25.0
    # via gunicorn
platformdirs==4.3.8
    # via virtualenv
pre-commit==4.3.0
    # via viral-marketing (pyproject.toml)
pyyaml==6.0.2
    # via pre-commit
sqlparse==0.5.3
    # via django
virtualenv==20.34.0
    # via pre-commit
